{
  "originHash" : "e12b3f4cedd80e1c458532044420b43c79bb53f95b931f7715676424463d93ba",
  "pins" : [
    {
      "identity" : "apollo-ios",
      "kind" : "remoteSourceControl",
      "location" : "https://github.com/apollographql/apollo-ios",
      "state" : {
        "revision" : "38c202227d0f09508e573dcf22f54885cfb0c5d4",
        "version" : "2.1.2"
      }
    },
    {
      "identity" : "sdwebimage#how-to-use",
      "kind" : "remoteSourceControl",
      "location" : "https://github.com/SDWebImage/SDWebImage#how-to-use",
      "state" : {
        "revision" : "2de3a496eaf6df9a1312862adcfd54acd73c39c0",
        "version" : "5.21.7"
      }
    }
  ],
  "version" : 3
}
