// !$*UTF8*$!
{
	archiveVersion = 1;
	classes = {
	};
	objectVersion = 77;
	objects = {

/* Begin PBXFileReference section */
		007C999F2FB4478F00AA5D17 /* metal_learning.metallib */ = {isa = PBXFileReference; explicitFileType = "archive.metal-library"; includeInIndex = 0; path = metal_learning.metallib; sourceTree = BUILT_PRODUCTS_DIR; };
/* End PBXFileReference section */

/* Begin PBXFileSystemSynchronizedRootGroup section */
		007C99A12FB4478F00AA5D17 /* metal_learning */ = {
			isa = PBXFileSystemSynchronizedRootGroup;
			path = metal_learning;
			sourceTree = "<group>";
		};
/* End PBXFileSystemSynchronizedRootGroup section */

/* Begin PBXGroup section */
		007C99982FB4478F00AA5D17 = {
			isa = PBXGroup;
			children = (
				007C99A12FB4478F00AA5D17 /* metal_learning */,
				007C99A02FB4478F00AA5D17 /* Products */,
			);
			sourceTree = "<group>";
		};
		007C99A02FB4478F00AA5D17 /* Products */ = {
			isa = PBXGroup;
			children = (
				007C999F2FB4478F00AA5D17 /* metal_learning.metallib */,
			);
			name = Products;
			sourceTree = "<group>";
		};
/* End PBXGroup section */

/* Begin PBXNativeTarget section */
		007C999E2FB4478F00AA5D17 /* metal_learning */ = {
			isa = PBXNativeTarget;
			buildConfigurationList = 007C99A62FB4478F00AA5D17 /* Build configuration list for PBXNativeTarget "metal_learning" */;
			buildPhases = (
				007C999D2FB4478F00AA5D17 /* Sources */,
			);
			buildRules = (
			);
			dependencies = (
			);
			fileSystemSynchronizedGroups = (
				007C99A12FB4478F00AA5D17 /* metal_learning */,
			);
			name = metal_learning;
			packageProductDependencies = (
			);
			productName = metal_learning;
			productReference = 007C999F2FB4478F00AA5D17 /* metal_learning.metallib */;
			productType = "com.apple.product-type.metal-library";
		};
/* End PBXNativeTarget section */

/* Begin PBXProject section */
		007C99992FB4478F00AA5D17 /* Project object */ = {
			isa = PBXProject;
			attributes = {
				BuildIndependentTargetsInParallel = 1;
				LastUpgradeCheck = 2640;
				TargetAttributes = {
					007C999E2FB4478F00AA5D17 = {
						CreatedOnToolsVersion = 26.4.1;
					};
				};
			};
			buildConfigurationList = 007C999C2FB4478F00AA5D17 /* Build configuration list for PBXProject "metal_learning" */;
			developmentRegion = en;
			hasScannedForEncodings = 0;
			knownRegions = (
				en,
				Base,
			);
			mainGroup = 007C99982FB4478F00AA5D17;
			minimizedProjectReferenceProxies = 1;
			preferredProjectObjectVersion = 77;
			productRefGroup = 007C99A02FB4478F00AA5D17 /* Products */;
			projectDirPath = "";
			projectRoot = "";
			targets = (
				007C999E2FB4478F00AA5D17 /* metal_learning */,
			);
		};
/* End PBXProject section */

/* Begin PBXSourcesBuildPhase section */
		007C999D2FB4478F00AA5D17 /* Sources */ = {
			isa = PBXSourcesBuildPhase;
			buildActionMask = 2147483647;
			files = (
			);
			runOnlyForDeploymentPostprocessing = 0;
		};
/* End PBXSourcesBuildPhase section */

/* Begin XCBuildConfiguration section */
		007C99A42FB4478F00AA5D17 /* Debug */ = {
			isa = XCBuildConfiguration;
			buildSettings = {
				ALWAYS_SEARCH_USER_PATHS = NO;
				IPHONEOS_DEPLOYMENT_TARGET = 26.4;
				MTL_ENABLE_DEBUG_INFO = INCLUDE_SOURCE;
				MTL_FAST_MATH = YES;
				SDKROOT = iphoneos;
			};
			name = Debug;
		};
		007C99A52FB4478F00AA5D17 /* Release */ = {
			isa = XCBuildConfiguration;
			buildSettings = {
				ALWAYS_SEARCH_USER_PATHS = NO;
				IPHONEOS_DEPLOYMENT_TARGET = 26.4;
				MTL_ENABLE_DEBUG_INFO = NO;
				MTL_FAST_MATH = YES;
				SDKROOT = iphoneos;
			};
			name = Release;
		};
		007C99A72FB4478F00AA5D17 /* Debug */ = {
			isa = XCBuildConfiguration;
			buildSettings = {
				CODE_SIGN_STYLE = Automatic;
				PRODUCT_NAME = "$(TARGET_NAME)";
				VERSIONING_SYSTEM = "";
			};
			name = Debug;
		};
		007C99A82FB4478F00AA5D17 /* Release */ = {
			isa = XCBuildConfiguration;
			buildSettings = {
				CODE_SIGN_STYLE = Automatic;
				PRODUCT_NAME = "$(TARGET_NAME)";
				VERSIONING_SYSTEM = "";
			};
			name = Release;
		};
/* End XCBuildConfiguration section */

/* Begin XCConfigurationList section */
		007C999C2FB4478F00AA5D17 /* Build configuration list for PBXProject "metal_learning" */ = {
			isa = XCConfigurationList;
			buildConfigurations = (
				007C99A42FB4478F00AA5D17 /* Debug */,
				007C99A52FB4478F00AA5D17 /* Release */,
			);
			defaultConfigurationIsVisible = 0;
			defaultConfigurationName = Release;
		};
		007C99A62FB4478F00AA5D17 /* Build configuration list for PBXNativeTarget "metal_learning" */ = {
			isa = XCConfigurationList;
			buildConfigurations = (
				007C99A72FB4478F00AA5D17 /* Debug */,
				007C99A82FB4478F00AA5D17 /* Release */,
			);
			defaultConfigurationIsVisible = 0;
			defaultConfigurationName = Release;
		};
/* End XCConfigurationList section */
	};
	rootObject = 007C99992FB4478F00AA5D17 /* Project object */;
}
